lockfileVersion: '9.0'

settings:
  autoInstallPeers: true
  excludeLinksFromLockfile: false

importers:

  .:
    dependencies:
      immer:
        specifier: ^11.0.1
        version: 11.0.1

packages:

  immer@11.0.1:
    resolution: {integrity: sha512-naDCyggtcBWANtIrjQEajhhBEuL9b0Zg4zmlWK2CzS6xCWSE39/vvf4LqnMjUAWHBhot4m9MHCM/Z+mfWhUkiA==}

snapshots:

  immer@11.0.1: {}
